Microsoft Visual Studio Solution File, Format Version 12.00
# Visual Studio Version 17
VisualStudioVersion = 17.5.2.0
MinimumVisualStudioVersion = 10.0.40219.1
Project("{FAE04EC0-301F-11D3-BF4B-00C04F79EFBC}") = "Proyecto Integrador", "Proyecto Integrador\Proyecto Integrador.csproj", "{A9529515-12B2-332E-E1DE-7209695398E5}"
EndProject
Global
	GlobalSection(SolutionConfigurationPlatforms) = preSolution
		Debug|Any CPU = Debug|Any CPU
		Release|Any CPU = Release|Any CPU
	EndGlobalSection
	GlobalSection(ProjectConfigurationPlatforms) = postSolution
		{A9529515-12B2-332E-E1DE-7209695398E5}.Debug|Any CPU.ActiveCfg = Debug|Any CPU
		{A9529515-12B2-332E-E1DE-7209695398E5}.Debug|Any CPU.Build.0 = Debug|Any CPU
		{A9529515-12B2-332E-E1DE-7209695398E5}.Release|Any CPU.ActiveCfg = Release|Any CPU
		{A9529515-12B2-332E-E1DE-7209695398E5}.Release|Any CPU.Build.0 = Release|Any CPU
	EndGlobalSection
	GlobalSection(SolutionProperties) = preSolution
		HideSolutionNode = FALSE
	EndGlobalSection
	GlobalSection(ExtensibilityGlobals) = postSolution
		SolutionGuid = {5B595877-4AA9-469F-A4EE-94723F1F422E}
	EndGlobalSection
EndGlobal
